
Microsoft Visual Studio Solution File, Format Version 12.00
# Visual Studio 15
VisualStudioVersion = 15.0.27703.2035
MinimumVisualStudioVersion = 10.0.40219.1
Project("{FAE04EC0-301F-11D3-BF4B-00C04F79EFBC}") = "LearnGraphQL", "LearnGraphQL\LearnGraphQL.csproj", "{EF56AD66-3A76-4C88-95BD-B2B4046FBAD1}"
EndProject
Global
	GlobalSection(SolutionConfigurationPlatforms) = preSolution
		Debug|Any CPU = Debug|Any CPU
		Release|Any CPU = Release|Any CPU
	EndGlobalSection
	GlobalSection(ProjectConfigurationPlatforms) = postSolution
		{EF56AD66-3A76-4C88-95BD-B2B4046FBAD1}.Debug|Any CPU.ActiveCfg = Debug|Any CPU
		{EF56AD66-3A76-4C88-95BD-B2B4046FBAD1}.Debug|Any CPU.Build.0 = Debug|Any CPU
		{EF56AD66-3A76-4C88-95BD-B2B4046FBAD1}.Release|Any CPU.ActiveCfg = Release|Any CPU
		{EF56AD66-3A76-4C88-95BD-B2B4046FBAD1}.Release|Any CPU.Build.0 = Release|Any CPU
	EndGlobalSection
	GlobalSection(SolutionProperties) = preSolution
		HideSolutionNode = FALSE
	EndGlobalSection
	GlobalSection(ExtensibilityGlobals) = postSolution
		SolutionGuid = {72C36CB7-B5C9-466E-B8BA-510D58B43722}
	EndGlobalSection
EndGlobal
